// !$*UTF8*$!
{
	archiveVersion = 1;
	classes = {
	};
	objectVersion = 50;
	objects = {

/* Begin PBXBuildFile section */
		4639BD4E2466E5FD00124FE7 /* AppDelegate.swift in Sources */ = {isa = PBXBuildFile; fileRef = 4639BD4D2466E5FD00124FE7 /* AppDelegate.swift */; };
		4639BD502466E5FD00124FE7 /* SceneDelegate.swift in Sources */ = {isa = PBXBuildFile; fileRef = 4639BD4F2466E5FD00124FE7 /* SceneDelegate.swift */; };
		4639BD532466E5FD00124FE7 /* Local_Media.xcdatamodeld in Sources */ = {isa = PBXBuildFile; fileRef = 4639BD512466E5FD00124FE7 /* Local_Media.xcdatamodeld */; };
		4639BD552466E5FD00124FE7 /* ContentView.swift in Sources */ = {isa = PBXBuildFile; fileRef = 4639BD542466E5FD00124FE7 /* ContentView.swift */; };
		4639BD572466E60000124FE7 /* Assets.xcassets in Resources */ = {isa = PBXBuildFile; fileRef = 4639BD562466E60000124FE7 /* Assets.xcassets */; };
		4639BD5A2466E60000124FE7 /* Preview Assets.xcassets in Resources */ = {isa = PBXBuildFile; fileRef = 4639BD592466E60000124FE7 /* Preview Assets.xcassets */; };
		4639BD5D2466E60000124FE7 /* LaunchScreen.storyboard in Resources */ = {isa = PBXBuildFile; fileRef = 4639BD5B2466E60000124FE7 /* LaunchScreen.storyboard */; };
		4639BD652466E7BB00124FE7 /* DocumentBrowserViewController.swift in Sources */ = {isa = PBXBuildFile; fileRef = 4639BD642466E7BB00124FE7 /* DocumentBrowserViewController.swift */; };
/* End PBXBuildFile section */

/* Begin PBXFileReference section */
		4639BD4A2466E5FD00124FE7 /* Local Media.app */ = {isa = PBXFileReference; explicitFileType = wrapper.application; includeInIndex = 0; path = "Local Media.app"; sourceTree = BUILT_PRODUCTS_DIR; };
		4639BD4D2466E5FD00124FE7 /* AppDelegate.swift */ = {isa = PBXFileReference; lastKnownFileType = sourcecode.swift; path = AppDelegate.swift; sourceTree = "<group>"; };
		4639BD4F2466E5FD00124FE7 /* SceneDelegate.swift */ = {isa = PBXFileReference; lastKnownFileType = sourcecode.swift; path = SceneDelegate.swift; sourceTree = "<group>"; };
		4639BD522466E5FD00124FE7 /* Local_Media.xcdatamodel */ = {isa = PBXFileReference; lastKnownFileType = wrapper.xcdatamodel; path = Local_Media.xcdatamodel; sourceTree = "<group>"; };
		4639BD542466E5FD00124FE7 /* ContentView.swift */ = {isa = PBXFileReference; lastKnownFileType = sourcecode.swift; path = ContentView.swift; sourceTree = "<group>"; };
		4639BD562466E60000124FE7 /* Assets.xcassets */ = {isa = PBXFileReference; lastKnownFileType = folder.assetcatalog; path = Assets.xcassets; sourceTree = "<group>"; };
		4639BD592466E60000124FE7 /* Preview Assets.xcassets */ = {isa = PBXFileReference; lastKnownFileType = folder.assetcatalog; path = "Preview Assets.xcassets"; sourceTree = "<group>"; };
		4639BD5C2466E60000124FE7 /* Base */ = {isa = PBXFileReference; lastKnownFileType = file.storyboard; name = Base; path = Base.lproj/LaunchScreen.storyboard; sourceTree = "<group>"; };
		4639BD5E2466E60000124FE7 /* Info.plist */ = {isa = PBXFileReference; lastKnownFileType = text.plist.xml; path = Info.plist; sourceTree = "<group>"; };
		4639BD642466E7BB00124FE7 /* DocumentBrowserViewController.swift */ = {isa = PBXFileReference; lastKnownFileType = sourcecode.swift; path = DocumentBrowserViewController.swift; sourceTree = "<group>"; };
/* End PBXFileReference section */

/* Begin PBXFrameworksBuildPhase section */
		4639BD472466E5FD00124FE7 /* Frameworks */ = {
			isa = PBXFrameworksBuildPhase;
			buildActionMask = 2147483647;
			files = (
			);
			runOnlyForDeploymentPostprocessing = 0;
		};
/* End PBXFrameworksBuildPhase section */

/* Begin PBXGroup section */
		4639BD412466E5FD00124FE7 = {
			isa = PBXGroup;
			children = (
				4639BD4C2466E5FD00124FE7 /* Local Media */,
				4639BD4B2466E5FD00124FE7 /* Products */,
			);
			sourceTree = "<group>";
		};
		4639BD4B2466E5FD00124FE7 /* Products */ = {
			isa = PBXGroup;
			children = (
				4639BD4A2466E5FD00124FE7 /* Local Media.app */,
			);
			name = Products;
			sourceTree = "<group>";
		};
		4639BD4C2466E5FD00124FE7 /* Local Media */ = {
			isa = PBXGroup;
			children = (
				4639BD4D2466E5FD00124FE7 /* AppDelegate.swift */,
				4639BD4F2466E5FD00124FE7 /* SceneDelegate.swift */,
				4639BD672466FA6800124FE7 /* Model */,
				4639BD662466FA6300124FE7 /* View */,
				4639BD562466E60000124FE7 /* Assets.xcassets */,
				4639BD5B2466E60000124FE7 /* LaunchScreen.storyboard */,
				4639BD5E2466E60000124FE7 /* Info.plist */,
				4639BD512466E5FD00124FE7 /* Local_Media.xcdatamodeld */,
				4639BD582466E60000124FE7 /* Preview Content */,
				4639BD642466E7BB00124FE7 /* DocumentBrowserViewController.swift */,
			);
			path = "Local Media";
			sourceTree = "<group>";
		};
		4639BD582466E60000124FE7 /* Preview Content */ = {
			isa = PBXGroup;
			children = (
				4639BD592466E60000124FE7 /* Preview Assets.xcassets */,
			);
			path = "Preview Content";
			sourceTree = "<group>";
		};
		4639BD662466FA6300124FE7 /* View */ = {
			isa = PBXGroup;
			children = (
				4639BD542466E5FD00124FE7 /* ContentView.swift */,
			);
			path = View;
			sourceTree = "<group>";
		};
		4639BD672466FA6800124FE7 /* Model */ = {
			isa = PBXGroup;
			children = (
			);
			path = Model;
			sourceTree = "<group>";
		};
/* End PBXGroup section */

/* Begin PBXNativeTarget section */
		4639BD492466E5FD00124FE7 /* Local Media */ = {
			isa = PBXNativeTarget;
			buildConfigurationList = 4639BD612466E60000124FE7 /* Build configuration list for PBXNativeTarget "Local Media" */;
			buildPhases = (
				4639BD462466E5FD00124FE7 /* Sources */,
				4639BD472466E5FD00124FE7 /* Frameworks */,
				4639BD482466E5FD00124FE7 /* Resources */,
			);
			buildRules = (
			);
			dependencies = (
			);
			name = "Local Media";
			productName = "Local Media";
			productReference = 4639BD4A2466E5FD00124FE7 /* Local Media.app */;
			productType = "com.apple.product-type.application";
		};
/* End PBXNativeTarget section */

/* Begin PBXProject section */
		4639BD422466E5FD00124FE7 /* Project object */ = {
			isa = PBXProject;
			attributes = {
				LastSwiftUpdateCheck = 1140;
				LastUpgradeCheck = 1140;
				ORGANIZATIONNAME = codecontrive;
				TargetAttributes = {
					4639BD492466E5FD00124FE7 = {
						CreatedOnToolsVersion = 11.4.1;
					};
				};
			};
			buildConfigurationList = 4639BD452466E5FD00124FE7 /* Build configuration list for PBXProject "Local Media" */;
			compatibilityVersion = "Xcode 9.3";
			developmentRegion = en;
			hasScannedForEncodings = 0;
			knownRegions = (
				en,
				Base,
			);
			mainGroup = 4639BD412466E5FD00124FE7;
			productRefGroup = 4639BD4B2466E5FD00124FE7 /* Products */;
			projectDirPath = "";
			projectRoot = "";
			targets = (
				4639BD492466E5FD00124FE7 /* Local Media */,
			);
		};
/* End PBXProject section */

/* Begin PBXResourcesBuildPhase section */
		4639BD482466E5FD00124FE7 /* Resources */ = {
			isa = PBXResourcesBuildPhase;
			buildActionMask = 2147483647;
			files = (
				4639BD5D2466E60000124FE7 /* LaunchScreen.storyboard in Resources */,
				4639BD5A2466E60000124FE7 /* Preview Assets.xcassets in Resources */,
				4639BD572466E60000124FE7 /* Assets.xcassets in Resources */,
			);
			runOnlyForDeploymentPostprocessing = 0;
		};
/* End PBXResourcesBuildPhase section */

/* Begin PBXSourcesBuildPhase section */
		4639BD462466E5FD00124FE7 /* Sources */ = {
			isa = PBXSourcesBuildPhase;
			buildActionMask = 2147483647;
			files = (
				4639BD4E2466E5FD00124FE7 /* AppDelegate.swift in Sources */,
				4639BD502466E5FD00124FE7 /* SceneDelegate.swift in Sources */,
				4639BD652466E7BB00124FE7 /* DocumentBrowserViewController.swift in Sources */,
				4639BD552466E5FD00124FE7 /* ContentView.swift in Sources */,
				4639BD532466E5FD00124FE7 /* Local_Media.xcdatamodeld in Sources */,
			);
			runOnlyForDeploymentPostprocessing = 0;
		};
/* End PBXSourcesBuildPhase section */

/* Begin PBXVariantGroup section */
		4639BD5B2466E60000124FE7 /* LaunchScreen.storyboard */ = {
			isa = PBXVariantGroup;
			children = (
				4639BD5C2466E60000124FE7 /* Base */,
			);
			name = LaunchScreen.storyboard;
			sourceTree = "<group>";
		};
/* End PBXVariantGroup section */

/* Begin XCBuildConfiguration section */
		4639BD5F2466E60000124FE7 /* Debug */ = {
			isa = XCBuildConfiguration;
			buildSettings = {
				ALWAYS_SEARCH_USER_PATHS = NO;
				CLANG_ANALYZER_NONNULL = YES;
				CLANG_ANALYZER_NUMBER_OBJECT_CONVERSION = YES_AGGRESSIVE;
				CLANG_CXX_LANGUAGE_STANDARD = "gnu++14";
				CLANG_CXX_LIBRARY = "libc++";
				CLANG_ENABLE_MODULES = YES;
				CLANG_ENABLE_OBJC_ARC = YES;
				CLANG_ENABLE_OBJC_WEAK = YES;
				CLANG_WARN_BLOCK_CAPTURE_AUTORELEASING = YES;
				CLANG_WARN_BOOL_CONVERSION = YES;
				CLANG_WARN_COMMA = YES;
				CLANG_WARN_CONSTANT_CONVERSION = YES;
				CLANG_WARN_DEPRECATED_OBJC_IMPLEMENTATIONS = YES;
				CLANG_WARN_DIRECT_OBJC_ISA_USAGE = YES_ERROR;
				CLANG_WARN_DOCUMENTATION_COMMENTS = YES;
				CLANG_WARN_EMPTY_BODY = YES;
				CLANG_WARN_ENUM_CONVERSION = YES;
				CLANG_WARN_INFINITE_RECURSION = YES;
				CLANG_WARN_INT_CONVERSION = YES;
				CLANG_WARN_NON_LITERAL_NULL_CONVERSION = YES;
				CLANG_WARN_OBJC_IMPLICIT_RETAIN_SELF = YES;
				CLANG_WARN_OBJC_LITERAL_CONVERSION = YES;
				CLANG_WARN_OBJC_ROOT_CLASS = YES_ERROR;
				CLANG_WARN_RANGE_LOOP_ANALYSIS = YES;
				CLANG_WARN_STRICT_PROTOTYPES = YES;
				CLANG_WARN_SUSPICIOUS_MOVE = YES;
				CLANG_WARN_UNGUARDED_AVAILABILITY = YES_AGGRESSIVE;
				CLANG_WARN_UNREACHABLE_CODE = YES;
				CLANG_WARN__DUPLICATE_METHOD_MATCH = YES;
				COPY_PHASE_STRIP = NO;
				DEBUG_INFORMATION_FORMAT = dwarf;
				ENABLE_STRICT_OBJC_MSGSEND = YES;
				ENABLE_TESTABILITY = YES;
				GCC_C_LANGUAGE_STANDARD = gnu11;
				GCC_DYNAMIC_NO_PIC = NO;
				GCC_NO_COMMON_BLOCKS = YES;
				GCC_OPTIMIZATION_LEVEL = 0;
				GCC_PREPROCESSOR_DEFINITIONS = (
					"DEBUG=1",
					"$(inherited)",
				);
				GCC_WARN_64_TO_32_BIT_CONVERSION = YES;
				GCC_WARN_ABOUT_RETURN_TYPE = YES_ERROR;
				GCC_WARN_UNDECLARED_SELECTOR = YES;
				GCC_WARN_UNINITIALIZED_AUTOS = YES_AGGRESSIVE;
				GCC_WARN_UNUSED_FUNCTION = YES;
				GCC_WARN_UNUSED_VARIABLE = YES;
				IPHONEOS_DEPLOYMENT_TARGET = 13.4;
				MTL_ENABLE_DEBUG_INFO = INCLUDE_SOURCE;
				MTL_FAST_MATH = YES;
				ONLY_ACTIVE_ARCH = YES;
				SDKROOT = iphoneos;
				SWIFT_ACTIVE_COMPILATION_CONDITIONS = DEBUG;
				SWIFT_OPTIMIZATION_LEVEL = "-Onone";
			};
			name = Debug;
		};
		4639BD602466E60000124FE7 /* Release */ = {
			isa = XCBuildConfiguration;
			buildSettings = {
				ALWAYS_SEARCH_USER_PATHS = NO;
				CLANG_ANALYZER_NONNULL = YES;
				CLANG_ANALYZER_NUMBER_OBJECT_CONVERSION = YES_AGGRESSIVE;
				CLANG_CXX_LANGUAGE_STANDARD = "gnu++14";
				CLANG_CXX_LIBRARY = "libc++";
				CLANG_ENABLE_MODULES = YES;
				CLANG_ENABLE_OBJC_ARC = YES;
				CLANG_ENABLE_OBJC_WEAK = YES;
				CLANG_WARN_BLOCK_CAPTURE_AUTORELEASING = YES;
				CLANG_WARN_BOOL_CONVERSION = YES;
				CLANG_WARN_COMMA = YES;
				CLANG_WARN_CONSTANT_CONVERSION = YES;
				CLANG_WARN_DEPRECATED_OBJC_IMPLEMENTATIONS = YES;
				CLANG_WARN_DIRECT_OBJC_ISA_USAGE = YES_ERROR;
				CLANG_WARN_DOCUMENTATION_COMMENTS = YES;
				CLANG_WARN_EMPTY_BODY = YES;
				CLANG_WARN_ENUM_CONVERSION = YES;
				CLANG_WARN_INFINITE_RECURSION = YES;
				CLANG_WARN_INT_CONVERSION = YES;
				CLANG_WARN_NON_LITERAL_NULL_CONVERSION = YES;
				CLANG_WARN_OBJC_IMPLICIT_RETAIN_SELF = YES;
				CLANG_WARN_OBJC_LITERAL_CONVERSION = YES;
				CLANG_WARN_OBJC_ROOT_CLASS = YES_ERROR;
				CLANG_WARN_RANGE_LOOP_ANALYSIS = YES;
				CLANG_WARN_STRICT_PROTOTYPES = YES;
				CLANG_WARN_SUSPICIOUS_MOVE = YES;
				CLANG_WARN_UNGUARDED_AVAILABILITY = YES_AGGRESSIVE;
				CLANG_WARN_UNREACHABLE_CODE = YES;
				CLANG_WARN__DUPLICATE_METHOD_MATCH = YES;
				COPY_PHASE_STRIP = NO;
				DEBUG_INFORMATION_FORMAT = "dwarf-with-dsym";
				ENABLE_NS_ASSERTIONS = NO;
				ENABLE_STRICT_OBJC_MSGSEND = YES;
				GCC_C_LANGUAGE_STANDARD = gnu11;
				GCC_NO_COMMON_BLOCKS = YES;
				GCC_WARN_64_TO_32_BIT_CONVERSION = YES;
				GCC_WARN_ABOUT_RETURN_TYPE = YES_ERROR;
				GCC_WARN_UNDECLARED_SELECTOR = YES;
				GCC_WARN_UNINITIALIZED_AUTOS = YES_AGGRESSIVE;
				GCC_WARN_UNUSED_FUNCTION = YES;
				GCC_WARN_UNUSED_VARIABLE = YES;
				IPHONEOS_DEPLOYMENT_TARGET = 13.4;
				MTL_ENABLE_DEBUG_INFO = NO;
				MTL_FAST_MATH = YES;
				SDKROOT = iphoneos;
				SWIFT_COMPILATION_MODE = wholemodule;
				SWIFT_OPTIMIZATION_LEVEL = "-O";
				VALIDATE_PRODUCT = YES;
			};
			name = Release;
		};
		4639BD622466E60000124FE7 /* Debug */ = {
			isa = XCBuildConfiguration;
			buildSettings = {
				ASSETCATALOG_COMPILER_APPICON_NAME = AppIcon;
				CODE_SIGN_STYLE = Automatic;
				DEVELOPMENT_ASSET_PATHS = "\"Local Media/Preview Content\"";
				DEVELOPMENT_TEAM = FZSAPS42SZ;
				ENABLE_PREVIEWS = YES;
				INFOPLIST_FILE = "Local Media/Info.plist";
				LD_RUNPATH_SEARCH_PATHS = (
					"$(inherited)",
					"@executable_path/Frameworks",
				);
				PRODUCT_BUNDLE_IDENTIFIER = "com.codecontrive.Local-Media";
				PRODUCT_NAME = "$(TARGET_NAME)";
				SWIFT_VERSION = 5.0;
				TARGETED_DEVICE_FAMILY = "1,2";
			};
			name = Debug;
		};
		4639BD632466E60000124FE7 /* Release */ = {
			isa = XCBuildConfiguration;
			buildSettings = {
				ASSETCATALOG_COMPILER_APPICON_NAME = AppIcon;
				CODE_SIGN_STYLE = Automatic;
				DEVELOPMENT_ASSET_PATHS = "\"Local Media/Preview Content\"";
				DEVELOPMENT_TEAM = FZSAPS42SZ;
				ENABLE_PREVIEWS = YES;
				INFOPLIST_FILE = "Local Media/Info.plist";
				LD_RUNPATH_SEARCH_PATHS = (
					"$(inherited)",
					"@executable_path/Frameworks",
				);
				PRODUCT_BUNDLE_IDENTIFIER = "com.codecontrive.Local-Media";
				PRODUCT_NAME = "$(TARGET_NAME)";
				SWIFT_VERSION = 5.0;
				TARGETED_DEVICE_FAMILY = "1,2";
			};
			name = Release;
		};
/* End XCBuildConfiguration section */

/* Begin XCConfigurationList section */
		4639BD452466E5FD00124FE7 /* Build configuration list for PBXProject "Local Media" */ = {
			isa = XCConfigurationList;
			buildConfigurations = (
				4639BD5F2466E60000124FE7 /* Debug */,
				4639BD602466E60000124FE7 /* Release */,
			);
			defaultConfigurationIsVisible = 0;
			defaultConfigurationName = Release;
		};
		4639BD612466E60000124FE7 /* Build configuration list for PBXNativeTarget "Local Media" */ = {
			isa = XCConfigurationList;
			buildConfigurations = (
				4639BD622466E60000124FE7 /* Debug */,
				4639BD632466E60000124FE7 /* Release */,
			);
			defaultConfigurationIsVisible = 0;
			defaultConfigurationName = Release;
		};
/* End XCConfigurationList section */

/* Begin XCVersionGroup section */
		4639BD512466E5FD00124FE7 /* Local_Media.xcdatamodeld */ = {
			isa = XCVersionGroup;
			children = (
				4639BD522466E5FD00124FE7 /* Local_Media.xcdatamodel */,
			);
			currentVersion = 4639BD522466E5FD00124FE7 /* Local_Media.xcdatamodel */;
			path = Local_Media.xcdatamodeld;
			sourceTree = "<group>";
			versionGroupType = wrapper.xcdatamodel;
		};
/* End XCVersionGroup section */
	};
	rootObject = 4639BD422466E5FD00124FE7 /* Project object */;
}
